
Microsoft Visual Studio Solution File, Format Version 12.00
# Visual Studio Version 16
VisualStudioVersion = 16.0.32413.511
MinimumVisualStudioVersion = 10.0.40219.1
Project("{FAE04EC0-301F-11D3-BF4B-00C04F79EFBC}") = "Proje_Hastahane", "Proje_Hastahane\Proje_Hastahane.csproj", "{9FD4B010-328C-441B-AA75-F89DA6CBB94A}"
EndProject
Global
	GlobalSection(SolutionConfigurationPlatforms) = preSolution
		Debug|Any CPU = Debug|Any CPU
		Release|Any CPU = Release|Any CPU
	EndGlobalSection
	GlobalSection(ProjectConfigurationPlatforms) = postSolution
		{9FD4B010-328C-441B-AA75-F89DA6CBB94A}.Debug|Any CPU.ActiveCfg = Debug|Any CPU
		{9FD4B010-328C-441B-AA75-F89DA6CBB94A}.Debug|Any CPU.Build.0 = Debug|Any CPU
		{9FD4B010-328C-441B-AA75-F89DA6CBB94A}.Release|Any CPU.ActiveCfg = Release|Any CPU
		{9FD4B010-328C-441B-AA75-F89DA6CBB94A}.Release|Any CPU.Build.0 = Release|Any CPU
	EndGlobalSection
	GlobalSection(SolutionProperties) = preSolution
		HideSolutionNode = FALSE
	EndGlobalSection
	GlobalSection(ExtensibilityGlobals) = postSolution
		SolutionGuid = {D769D2E5-8113-4BD8-BC3B-C2E60722A7CC}
	EndGlobalSection
EndGlobal
